
Microsoft Visual Studio Solution File, Format Version 12.00
# Visual Studio Version 17
VisualStudioVersion = 17.0.31903.59
MinimumVisualStudioVersion = 10.0.40219.1
Project("{FAE04EC0-301F-11D3-BF4B-00C04F79EFBC}") = "pipes", "pipes\pipes.csproj", "{F854CB12-E021-4F7D-B66D-73194AD5A045}"
EndProject
Global
	GlobalSection(SolutionConfigurationPlatforms) = preSolution
		Debug|Any CPU = Debug|Any CPU
		Release|Any CPU = Release|Any CPU
	EndGlobalSection
	GlobalSection(SolutionProperties) = preSolution
		HideSolutionNode = FALSE
	EndGlobalSection
	GlobalSection(ProjectConfigurationPlatforms) = postSolution
		{F854CB12-E021-4F7D-B66D-73194AD5A045}.Debug|Any CPU.ActiveCfg = Debug|Any CPU
		{F854CB12-E021-4F7D-B66D-73194AD5A045}.Debug|Any CPU.Build.0 = Debug|Any CPU
		{F854CB12-E021-4F7D-B66D-73194AD5A045}.Release|Any CPU.ActiveCfg = Release|Any CPU
		{F854CB12-E021-4F7D-B66D-73194AD5A045}.Release|Any CPU.Build.0 = Release|Any CPU
	EndGlobalSection
EndGlobal
